
Microsoft Visual Studio Solution File, Format Version 12.00
# Visual Studio Version 16
VisualStudioVersion = 16.0.32602.291
MinimumVisualStudioVersion = 10.0.40219.1
Project("{9A19103F-16F7-4668-BE54-9A1E7A4F7556}") = "WebApplication4", "WebApplication4\WebApplication4.csproj", "{91A0E8EA-2A0C-41EF-AFE3-47942D76164D}"
EndProject
Project("{2150E333-8FDC-42A3-9474-1A3956D46DE8}") = "Solution Items", "Solution Items", "{9A12BC2C-BCB2-4771-9F4F-92F502B6503F}"
EndProject
Global
	GlobalSection(SolutionConfigurationPlatforms) = preSolution
		Debug|Any CPU = Debug|Any CPU
		Release|Any CPU = Release|Any CPU
	EndGlobalSection
	GlobalSection(ProjectConfigurationPlatforms) = postSolution
		{91A0E8EA-2A0C-41EF-AFE3-47942D76164D}.Debug|Any CPU.ActiveCfg = Debug|Any CPU
		{91A0E8EA-2A0C-41EF-AFE3-47942D76164D}.Debug|Any CPU.Build.0 = Debug|Any CPU
		{91A0E8EA-2A0C-41EF-AFE3-47942D76164D}.Release|Any CPU.ActiveCfg = Release|Any CPU
		{91A0E8EA-2A0C-41EF-AFE3-47942D76164D}.Release|Any CPU.Build.0 = Release|Any CPU
	EndGlobalSection
	GlobalSection(SolutionProperties) = preSolution
		HideSolutionNode = FALSE
	EndGlobalSection
	GlobalSection(ExtensibilityGlobals) = postSolution
		SolutionGuid = {732B4070-EEE0-44FB-A03A-873A4F17F50A}
	EndGlobalSection
EndGlobal
